
Microsoft Visual Studio Solution File, Format Version 12.00
# Visual Studio 15
VisualStudioVersion = 15.0.28307.1022
MinimumVisualStudioVersion = 10.0.40219.1
Project("{FAE04EC0-301F-11D3-BF4B-00C04F79EFBC}") = "融合支付", "融合支付\融合支付.csproj", "{7FD12558-E7BB-44F6-AE8F-4605006CB6E4}"
EndProject
Global
	GlobalSection(SolutionConfigurationPlatforms) = preSolution
		Debug|Any CPU = Debug|Any CPU
		Release|Any CPU = Release|Any CPU
	EndGlobalSection
	GlobalSection(ProjectConfigurationPlatforms) = postSolution
		{7FD12558-E7BB-44F6-AE8F-4605006CB6E4}.Debug|Any CPU.ActiveCfg = Debug|Any CPU
		{7FD12558-E7BB-44F6-AE8F-4605006CB6E4}.Debug|Any CPU.Build.0 = Debug|Any CPU
		{7FD12558-E7BB-44F6-AE8F-4605006CB6E4}.Release|Any CPU.ActiveCfg = Release|Any CPU
		{7FD12558-E7BB-44F6-AE8F-4605006CB6E4}.Release|Any CPU.Build.0 = Release|Any CPU
	EndGlobalSection
	GlobalSection(SolutionProperties) = preSolution
		HideSolutionNode = FALSE
	EndGlobalSection
	GlobalSection(ExtensibilityGlobals) = postSolution
		SolutionGuid = {6407DDFE-0E77-4C6E-AFE5-AED5329FAAC1}
	EndGlobalSection
EndGlobal
